
Microsoft Visual Studio Solution File, Format Version 12.00
# Visual Studio Version 17
VisualStudioVersion = 17.11.35312.102
MinimumVisualStudioVersion = 10.0.40219.1
Project("{FAE04EC0-301F-11D3-BF4B-00C04F79EFBC}") = "AiraloAssignment", "AialoAssignment\AiraloAssignment.csproj", "{D61792AA-FBD6-4365-B751-17E960DF50B8}"
EndProject
Global
	GlobalSection(SolutionConfigurationPlatforms) = preSolution
		Debug|Any CPU = Debug|Any CPU
		Release|Any CPU = Release|Any CPU
	EndGlobalSection
	GlobalSection(ProjectConfigurationPlatforms) = postSolution
		{D61792AA-FBD6-4365-B751-17E960DF50B8}.Debug|Any CPU.ActiveCfg = Debug|Any CPU
		{D61792AA-FBD6-4365-B751-17E960DF50B8}.Debug|Any CPU.Build.0 = Debug|Any CPU
		{D61792AA-FBD6-4365-B751-17E960DF50B8}.Release|Any CPU.ActiveCfg = Release|Any CPU
		{D61792AA-FBD6-4365-B751-17E960DF50B8}.Release|Any CPU.Build.0 = Release|Any CPU
	EndGlobalSection
	GlobalSection(SolutionProperties) = preSolution
		HideSolutionNode = FALSE
	EndGlobalSection
	GlobalSection(ExtensibilityGlobals) = postSolution
		SolutionGuid = {86D24934-578F-4ECF-A2AB-A6F0D251D4BF}
	EndGlobalSection
EndGlobal
